
Microsoft Visual Studio Solution File, Format Version 12.00
# Visual Studio 15
VisualStudioVersion = 15.0.28307.136
MinimumVisualStudioVersion = 10.0.40219.1
Project("{FAE04EC0-301F-11D3-BF4B-00C04F79EFBC}") = "PutCoin", "PutCoin\PutCoin.csproj", "{9E697B48-221F-4888-9105-BBD74E0ECA25}"
EndProject
Project("{FAE04EC0-301F-11D3-BF4B-00C04F79EFBC}") = "PutCoin.Model", "PutCoin.Model\PutCoin.Model.csproj", "{378B4D64-8C0A-47EA-833B-F514DE2544FF}"
EndProject
Global
	GlobalSection(SolutionConfigurationPlatforms) = preSolution
		Debug|Any CPU = Debug|Any CPU
		Release|Any CPU = Release|Any CPU
	EndGlobalSection
	GlobalSection(ProjectConfigurationPlatforms) = postSolution
		{9E697B48-221F-4888-9105-BBD74E0ECA25}.Debug|Any CPU.ActiveCfg = Debug|Any CPU
		{9E697B48-221F-4888-9105-BBD74E0ECA25}.Debug|Any CPU.Build.0 = Debug|Any CPU
		{9E697B48-221F-4888-9105-BBD74E0ECA25}.Release|Any CPU.ActiveCfg = Release|Any CPU
		{9E697B48-221F-4888-9105-BBD74E0ECA25}.Release|Any CPU.Build.0 = Release|Any CPU
		{378B4D64-8C0A-47EA-833B-F514DE2544FF}.Debug|Any CPU.ActiveCfg = Debug|Any CPU
		{378B4D64-8C0A-47EA-833B-F514DE2544FF}.Debug|Any CPU.Build.0 = Debug|Any CPU
		{378B4D64-8C0A-47EA-833B-F514DE2544FF}.Release|Any CPU.ActiveCfg = Release|Any CPU
		{378B4D64-8C0A-47EA-833B-F514DE2544FF}.Release|Any CPU.Build.0 = Release|Any CPU
	EndGlobalSection
	GlobalSection(SolutionProperties) = preSolution
		HideSolutionNode = FALSE
	EndGlobalSection
	GlobalSection(ExtensibilityGlobals) = postSolution
		SolutionGuid = {D552F672-062F-4B57-B33C-65E507748719}
	EndGlobalSection
EndGlobal
